
Microsoft Visual Studio Solution File, Format Version 12.00
# Visual Studio Version 17
VisualStudioVersion = 17.11.35017.193
MinimumVisualStudioVersion = 10.0.40219.1
Project("{2150E333-8FDC-42A3-9474-1A3956D46DE8}") = "Frontends", "Frontends", "{01837845-5109-4A55-AA19-47AC331814EE}"
EndProject
Project("{2150E333-8FDC-42A3-9474-1A3956D46DE8}") = "Services", "Services", "{D24C71FC-0483-41E5-954B-557062130237}"
EndProject
Project("{2150E333-8FDC-42A3-9474-1A3956D46DE8}") = "Identityserver", "Identityserver", "{1032C7E2-3843-461F-9203-A25B6B32093D}"
EndProject
Project("{2150E333-8FDC-42A3-9474-1A3956D46DE8}") = "Requriments", "Requriments", "{1B13AC0B-B532-4A43-B8DE-D6EC8F968524}"
EndProject
Project("{2150E333-8FDC-42A3-9474-1A3956D46DE8}") = "Catalog", "Catalog", "{C20D3663-9C78-41A4-864F-769374D36128}"
EndProject
Project("{FAE04EC0-301F-11D3-BF4B-00C04F79EFBC}") = "TakeAway.Catalog", "Services\Catalog\TakeAway.Catalog\TakeAway.Catalog.csproj", "{645D7C31-7316-450B-A1E0-8A71E7EE6F77}"
EndProject
Global
	GlobalSection(SolutionConfigurationPlatforms) = preSolution
		Debug|Any CPU = Debug|Any CPU
		Release|Any CPU = Release|Any CPU
	EndGlobalSection
	GlobalSection(ProjectConfigurationPlatforms) = postSolution
		{645D7C31-7316-450B-A1E0-8A71E7EE6F77}.Debug|Any CPU.ActiveCfg = Debug|Any CPU
		{645D7C31-7316-450B-A1E0-8A71E7EE6F77}.Debug|Any CPU.Build.0 = Debug|Any CPU
		{645D7C31-7316-450B-A1E0-8A71E7EE6F77}.Release|Any CPU.ActiveCfg = Release|Any CPU
		{645D7C31-7316-450B-A1E0-8A71E7EE6F77}.Release|Any CPU.Build.0 = Release|Any CPU
	EndGlobalSection
	GlobalSection(SolutionProperties) = preSolution
		HideSolutionNode = FALSE
	EndGlobalSection
	GlobalSection(NestedProjects) = preSolution
		{C20D3663-9C78-41A4-864F-769374D36128} = {D24C71FC-0483-41E5-954B-557062130237}
		{645D7C31-7316-450B-A1E0-8A71E7EE6F77} = {C20D3663-9C78-41A4-864F-769374D36128}
	EndGlobalSection
	GlobalSection(ExtensibilityGlobals) = postSolution
		SolutionGuid = {F158044B-C208-4AFC-9262-1B1E8BFB2CC8}
	EndGlobalSection
EndGlobal
