
Microsoft Visual Studio Solution File, Format Version 12.00
# Visual Studio Version 17
VisualStudioVersion = 17.11.35017.193
MinimumVisualStudioVersion = 10.0.40219.1
Project("{2150E333-8FDC-42A3-9474-1A3956D46DE8}") = "Frontends", "Frontends", "{01837845-5109-4A55-AA19-47AC331814EE}"
EndProject
Project("{2150E333-8FDC-42A3-9474-1A3956D46DE8}") = "Services", "Services", "{D24C71FC-0483-41E5-954B-557062130237}"
EndProject
Project("{2150E333-8FDC-42A3-9474-1A3956D46DE8}") = "Identityserver", "Identityserver", "{1032C7E2-3843-461F-9203-A25B6B32093D}"
EndProject
Project("{2150E333-8FDC-42A3-9474-1A3956D46DE8}") = "Requriments", "Requriments", "{1B13AC0B-B532-4A43-B8DE-D6EC8F968524}"
EndProject
Project("{2150E333-8FDC-42A3-9474-1A3956D46DE8}") = "Catalog", "Catalog", "{C20D3663-9C78-41A4-864F-769374D36128}"
EndProject
Project("{9A19103F-16F7-4668-BE54-9A1E7A4F7556}") = "TakeAway.Catalog", "Services\Catalog\TakeAway.Catalog\TakeAway.Catalog.csproj", "{645D7C31-7316-450B-A1E0-8A71E7EE6F77}"
EndProject
Project("{2150E333-8FDC-42A3-9474-1A3956D46DE8}") = "Discount", "Discount", "{20C9A7BF-3CF9-4101-B37F-19CFB279C44F}"
EndProject
Project("{2150E333-8FDC-42A3-9474-1A3956D46DE8}") = "Order", "Order", "{C0E24034-09B4-4E9A-BB2A-BB2DA2D0A558}"
EndProject
Project("{2150E333-8FDC-42A3-9474-1A3956D46DE8}") = "Core", "Core", "{B18CFB46-6506-433D-96CA-20985A035A8B}"
EndProject
Project("{2150E333-8FDC-42A3-9474-1A3956D46DE8}") = "Infrastructure", "Infrastructure", "{4EF89F44-3CF7-4E06-82FF-DB218BB445AD}"
EndProject
Project("{2150E333-8FDC-42A3-9474-1A3956D46DE8}") = "Presentation", "Presentation", "{69A4A800-A6C0-4046-9E99-97D6725F7C3A}"
EndProject
Project("{FAE04EC0-301F-11D3-BF4B-00C04F79EFBC}") = "TakeAway.Application", "Services\Order\Core\TakeAway.Application\TakeAway.Application.csproj", "{ED777610-2798-4BE9-92BC-B61A0EA06624}"
EndProject
Project("{FAE04EC0-301F-11D3-BF4B-00C04F79EFBC}") = "TakeAway.Domain", "Services\Order\Core\TakeAway.Domain\TakeAway.Domain.csproj", "{D70D2A91-FE7D-4D47-AB45-D40B437D6581}"
EndProject
Project("{FAE04EC0-301F-11D3-BF4B-00C04F79EFBC}") = "TakeAway.Persistence", "Services\Order\Infrastructure\TakeAway.Persistence\TakeAway.Persistence.csproj", "{220AC469-7CA2-4358-BED3-A21A4282A889}"
EndProject
Project("{FAE04EC0-301F-11D3-BF4B-00C04F79EFBC}") = "TakeAway.OrderApi", "Services\Order\Presentation\TakeAway.OrderApi\TakeAway.OrderApi.csproj", "{AA35FEFF-F806-4427-8273-31A995506336}"
EndProject
Global
	GlobalSection(SolutionConfigurationPlatforms) = preSolution
		Debug|Any CPU = Debug|Any CPU
		Release|Any CPU = Release|Any CPU
	EndGlobalSection
	GlobalSection(ProjectConfigurationPlatforms) = postSolution
		{645D7C31-7316-450B-A1E0-8A71E7EE6F77}.Debug|Any CPU.ActiveCfg = Debug|Any CPU
		{645D7C31-7316-450B-A1E0-8A71E7EE6F77}.Debug|Any CPU.Build.0 = Debug|Any CPU
		{645D7C31-7316-450B-A1E0-8A71E7EE6F77}.Release|Any CPU.ActiveCfg = Release|Any CPU
		{645D7C31-7316-450B-A1E0-8A71E7EE6F77}.Release|Any CPU.Build.0 = Release|Any CPU
		{ED777610-2798-4BE9-92BC-B61A0EA06624}.Debug|Any CPU.ActiveCfg = Debug|Any CPU
		{ED777610-2798-4BE9-92BC-B61A0EA06624}.Debug|Any CPU.Build.0 = Debug|Any CPU
		{ED777610-2798-4BE9-92BC-B61A0EA06624}.Release|Any CPU.ActiveCfg = Release|Any CPU
		{ED777610-2798-4BE9-92BC-B61A0EA06624}.Release|Any CPU.Build.0 = Release|Any CPU
		{D70D2A91-FE7D-4D47-AB45-D40B437D6581}.Debug|Any CPU.ActiveCfg = Debug|Any CPU
		{D70D2A91-FE7D-4D47-AB45-D40B437D6581}.Debug|Any CPU.Build.0 = Debug|Any CPU
		{D70D2A91-FE7D-4D47-AB45-D40B437D6581}.Release|Any CPU.ActiveCfg = Release|Any CPU
		{D70D2A91-FE7D-4D47-AB45-D40B437D6581}.Release|Any CPU.Build.0 = Release|Any CPU
		{220AC469-7CA2-4358-BED3-A21A4282A889}.Debug|Any CPU.ActiveCfg = Debug|Any CPU
		{220AC469-7CA2-4358-BED3-A21A4282A889}.Debug|Any CPU.Build.0 = Debug|Any CPU
		{220AC469-7CA2-4358-BED3-A21A4282A889}.Release|Any CPU.ActiveCfg = Release|Any CPU
		{220AC469-7CA2-4358-BED3-A21A4282A889}.Release|Any CPU.Build.0 = Release|Any CPU
		{AA35FEFF-F806-4427-8273-31A995506336}.Debug|Any CPU.ActiveCfg = Debug|Any CPU
		{AA35FEFF-F806-4427-8273-31A995506336}.Debug|Any CPU.Build.0 = Debug|Any CPU
		{AA35FEFF-F806-4427-8273-31A995506336}.Release|Any CPU.ActiveCfg = Release|Any CPU
		{AA35FEFF-F806-4427-8273-31A995506336}.Release|Any CPU.Build.0 = Release|Any CPU
	EndGlobalSection
	GlobalSection(SolutionProperties) = preSolution
		HideSolutionNode = FALSE
	EndGlobalSection
	GlobalSection(NestedProjects) = preSolution
		{C20D3663-9C78-41A4-864F-769374D36128} = {D24C71FC-0483-41E5-954B-557062130237}
		{645D7C31-7316-450B-A1E0-8A71E7EE6F77} = {C20D3663-9C78-41A4-864F-769374D36128}
		{20C9A7BF-3CF9-4101-B37F-19CFB279C44F} = {D24C71FC-0483-41E5-954B-557062130237}
		{C0E24034-09B4-4E9A-BB2A-BB2DA2D0A558} = {D24C71FC-0483-41E5-954B-557062130237}
		{B18CFB46-6506-433D-96CA-20985A035A8B} = {C0E24034-09B4-4E9A-BB2A-BB2DA2D0A558}
		{4EF89F44-3CF7-4E06-82FF-DB218BB445AD} = {C0E24034-09B4-4E9A-BB2A-BB2DA2D0A558}
		{69A4A800-A6C0-4046-9E99-97D6725F7C3A} = {C0E24034-09B4-4E9A-BB2A-BB2DA2D0A558}
		{ED777610-2798-4BE9-92BC-B61A0EA06624} = {B18CFB46-6506-433D-96CA-20985A035A8B}
		{D70D2A91-FE7D-4D47-AB45-D40B437D6581} = {B18CFB46-6506-433D-96CA-20985A035A8B}
		{220AC469-7CA2-4358-BED3-A21A4282A889} = {4EF89F44-3CF7-4E06-82FF-DB218BB445AD}
		{AA35FEFF-F806-4427-8273-31A995506336} = {69A4A800-A6C0-4046-9E99-97D6725F7C3A}
	EndGlobalSection
	GlobalSection(ExtensibilityGlobals) = postSolution
		SolutionGuid = {F158044B-C208-4AFC-9262-1B1E8BFB2CC8}
	EndGlobalSection
EndGlobal
